// !$*UTF8*$!
{
	archiveVersion = 1;
	classes = {
	};
	objectVersion = 56;
	objects = {

/* Begin PBXBuildFile section */
		2B6B4A232C2EDC110092D45E /* AppDelegate.swift in Sources */ = {isa = PBXBuildFile; fileRef = 2B6B4A222C2EDC110092D45E /* AppDelegate.swift */; };
		2B6B4A252C2EDC110092D45E /* SceneDelegate.swift in Sources */ = {isa = PBXBuildFile; fileRef = 2B6B4A242C2EDC110092D45E /* SceneDelegate.swift */; };
		2B6B4A272C2EDC110092D45E /* ViewController.swift in Sources */ = {isa = PBXBuildFile; fileRef = 2B6B4A262C2EDC110092D45E /* ViewController.swift */; };
		2B6B4A2A2C2EDC110092D45E /* Base in Resources */ = {isa = PBXBuildFile; fileRef = 2B6B4A292C2EDC110092D45E /* Base */; };
		2B6B4A2C2C2EDC140092D45E /* Assets.xcassets in Resources */ = {isa = PBXBuildFile; fileRef = 2B6B4A2B2C2EDC140092D45E /* Assets.xcassets */; };
		2B6B4A2F2C2EDC140092D45E /* Base in Resources */ = {isa = PBXBuildFile; fileRef = 2B6B4A2E2C2EDC140092D45E /* Base */; };
		2B6B4A3A2C2EDC140092D45E /* penstrokeTests.swift in Sources */ = {isa = PBXBuildFile; fileRef = 2B6B4A392C2EDC140092D45E /* penstrokeTests.swift */; };
		2B6B4A442C2EDC140092D45E /* penstrokeUITests.swift in Sources */ = {isa = PBXBuildFile; fileRef = 2B6B4A432C2EDC140092D45E /* penstrokeUITests.swift */; };
		2B6B4A462C2EDC140092D45E /* penstrokeUITestsLaunchTests.swift in Sources */ = {isa = PBXBuildFile; fileRef = 2B6B4A452C2EDC140092D45E /* penstrokeUITestsLaunchTests.swift */; };
		2B6B4A532C2EF34A0092D45E /* BaseController.swift in Sources */ = {isa = PBXBuildFile; fileRef = 2B6B4A522C2EF34A0092D45E /* BaseController.swift */; };
		2B6B4A552C2EF88C0092D45E /* CustomCollectionViewCell.swift in Sources */ = {isa = PBXBuildFile; fileRef = 2B6B4A542C2EF88C0092D45E /* CustomCollectionViewCell.swift */; };
		2BAABFEF2D2A8CB900172238 /* EditViewController.swift in Sources */ = {isa = PBXBuildFile; fileRef = 2BAABFEE2D2A8CB800172238 /* EditViewController.swift */; };
		2BAABFF12D2A8FB200172238 /* train.jsonl in Resources */ = {isa = PBXBuildFile; fileRef = 2BAABFF02D2A8FB200172238 /* train.jsonl */; };
		2BAEFFA22D2D0A2500201DB0 /* train2.jsonl in Resources */ = {isa = PBXBuildFile; fileRef = 2BAEFFA12D2D0A2500201DB0 /* train2.jsonl */; };
		2BAEFFA42D2D4A9E00201DB0 /* train copy380.jsonl in Resources */ = {isa = PBXBuildFile; fileRef = 2BAEFFA32D2D4A9E00201DB0 /* train copy380.jsonl */; };
		2BD973AB2C317E68009AAD64 /* DataInjection.swift in Sources */ = {isa = PBXBuildFile; fileRef = 2BD973AA2C317E68009AAD64 /* DataInjection.swift */; };
/* End PBXBuildFile section */

/* Begin PBXContainerItemProxy section */
		2B6B4A362C2EDC140092D45E /* PBXContainerItemProxy */ = {
			isa = PBXContainerItemProxy;
			containerPortal = 2B6B4A172C2EDC110092D45E /* Project object */;
			proxyType = 1;
			remoteGlobalIDString = 2B6B4A1E2C2EDC110092D45E;
			remoteInfo = penstroke;
		};
		2B6B4A402C2EDC140092D45E /* PBXContainerItemProxy */ = {
			isa = PBXContainerItemProxy;
			containerPortal = 2B6B4A172C2EDC110092D45E /* Project object */;
			proxyType = 1;
			remoteGlobalIDString = 2B6B4A1E2C2EDC110092D45E;
			remoteInfo = penstroke;
		};
/* End PBXContainerItemProxy section */

/* Begin PBXFileReference section */
		2B6B4A1F2C2EDC110092D45E /* penstroke.app */ = {isa = PBXFileReference; explicitFileType = wrapper.application; includeInIndex = 0; path = penstroke.app; sourceTree = BUILT_PRODUCTS_DIR; };
		2B6B4A222C2EDC110092D45E /* AppDelegate.swift */ = {isa = PBXFileReference; lastKnownFileType = sourcecode.swift; path = AppDelegate.swift; sourceTree = "<group>"; };
		2B6B4A242C2EDC110092D45E /* SceneDelegate.swift */ = {isa = PBXFileReference; lastKnownFileType = sourcecode.swift; path = SceneDelegate.swift; sourceTree = "<group>"; };
		2B6B4A262C2EDC110092D45E /* ViewController.swift */ = {isa = PBXFileReference; lastKnownFileType = sourcecode.swift; path = ViewController.swift; sourceTree = "<group>"; };
		2B6B4A292C2EDC110092D45E /* Base */ = {isa = PBXFileReference; lastKnownFileType = file.storyboard; name = Base; path = Base.lproj/Main.storyboard; sourceTree = "<group>"; };
		2B6B4A2B2C2EDC140092D45E /* Assets.xcassets */ = {isa = PBXFileReference; lastKnownFileType = folder.assetcatalog; path = Assets.xcassets; sourceTree = "<group>"; };
		2B6B4A2E2C2EDC140092D45E /* Base */ = {isa = PBXFileReference; lastKnownFileType = file.storyboard; name = Base; path = Base.lproj/LaunchScreen.storyboard; sourceTree = "<group>"; };
		2B6B4A302C2EDC140092D45E /* Info.plist */ = {isa = PBXFileReference; lastKnownFileType = text.plist.xml; path = Info.plist; sourceTree = "<group>"; };
		2B6B4A352C2EDC140092D45E /* penstrokeTests.xctest */ = {isa = PBXFileReference; explicitFileType = wrapper.cfbundle; includeInIndex = 0; path = penstrokeTests.xctest; sourceTree = BUILT_PRODUCTS_DIR; };
		2B6B4A392C2EDC140092D45E /* penstrokeTests.swift */ = {isa = PBXFileReference; lastKnownFileType = sourcecode.swift; path = penstrokeTests.swift; sourceTree = "<group>"; };
		2B6B4A3F2C2EDC140092D45E /* penstrokeUITests.xctest */ = {isa = PBXFileReference; explicitFileType = wrapper.cfbundle; includeInIndex = 0; path = penstrokeUITests.xctest; sourceTree = BUILT_PRODUCTS_DIR; };
		2B6B4A432C2EDC140092D45E /* penstrokeUITests.swift */ = {isa = PBXFileReference; lastKnownFileType = sourcecode.swift; path = penstrokeUITests.swift; sourceTree = "<group>"; };
		2B6B4A452C2EDC140092D45E /* penstrokeUITestsLaunchTests.swift */ = {isa = PBXFileReference; lastKnownFileType = sourcecode.swift; path = penstrokeUITestsLaunchTests.swift; sourceTree = "<group>"; };
		2B6B4A522C2EF34A0092D45E /* BaseController.swift */ = {isa = PBXFileReference; lastKnownFileType = sourcecode.swift; path = BaseController.swift; sourceTree = "<group>"; };
		2B6B4A542C2EF88C0092D45E /* CustomCollectionViewCell.swift */ = {isa = PBXFileReference; lastKnownFileType = sourcecode.swift; path = CustomCollectionViewCell.swift; sourceTree = "<group>"; };
		2BAABFEE2D2A8CB800172238 /* EditViewController.swift */ = {isa = PBXFileReference; lastKnownFileType = sourcecode.swift; path = EditViewController.swift; sourceTree = "<group>"; };
		2BAABFF02D2A8FB200172238 /* train.jsonl */ = {isa = PBXFileReference; lastKnownFileType = text; path = train.jsonl; sourceTree = "<group>"; };
		2BAEFFA12D2D0A2500201DB0 /* train2.jsonl */ = {isa = PBXFileReference; lastKnownFileType = text; path = train2.jsonl; sourceTree = "<group>"; };
		2BAEFFA32D2D4A9E00201DB0 /* train copy380.jsonl */ = {isa = PBXFileReference; lastKnownFileType = text; path = "train copy380.jsonl"; sourceTree = "<group>"; };
		2BD973AA2C317E68009AAD64 /* DataInjection.swift */ = {isa = PBXFileReference; lastKnownFileType = sourcecode.swift; path = DataInjection.swift; sourceTree = "<group>"; };
/* End PBXFileReference section */

/* Begin PBXFrameworksBuildPhase section */
		2B6B4A1C2C2EDC110092D45E /* Frameworks */ = {
			isa = PBXFrameworksBuildPhase;
			buildActionMask = 2147483647;
			files = (
			);
			runOnlyForDeploymentPostprocessing = 0;
		};
		2B6B4A322C2EDC140092D45E /* Frameworks */ = {
			isa = PBXFrameworksBuildPhase;
			buildActionMask = 2147483647;
			files = (
			);
			runOnlyForDeploymentPostprocessing = 0;
		};
		2B6B4A3C2C2EDC140092D45E /* Frameworks */ = {
			isa = PBXFrameworksBuildPhase;
			buildActionMask = 2147483647;
			files = (
			);
			runOnlyForDeploymentPostprocessing = 0;
		};
/* End PBXFrameworksBuildPhase section */

/* Begin PBXGroup section */
		2B6B4A162C2EDC110092D45E = {
			isa = PBXGroup;
			children = (
				2B6B4A212C2EDC110092D45E /* penstroke */,
				2B6B4A382C2EDC140092D45E /* penstrokeTests */,
				2B6B4A422C2EDC140092D45E /* penstrokeUITests */,
				2B6B4A202C2EDC110092D45E /* Products */,
			);
			sourceTree = "<group>";
		};
		2B6B4A202C2EDC110092D45E /* Products */ = {
			isa = PBXGroup;
			children = (
				2B6B4A1F2C2EDC110092D45E /* penstroke.app */,
				2B6B4A352C2EDC140092D45E /* penstrokeTests.xctest */,
				2B6B4A3F2C2EDC140092D45E /* penstrokeUITests.xctest */,
			);
			name = Products;
			sourceTree = "<group>";
		};
		2B6B4A212C2EDC110092D45E /* penstroke */ = {
			isa = PBXGroup;
			children = (
				2B6B4A222C2EDC110092D45E /* AppDelegate.swift */,
				2B6B4A242C2EDC110092D45E /* SceneDelegate.swift */,
				2B6B4A262C2EDC110092D45E /* ViewController.swift */,
				2B6B4A542C2EF88C0092D45E /* CustomCollectionViewCell.swift */,
				2BD973AA2C317E68009AAD64 /* DataInjection.swift */,
				2B6B4A522C2EF34A0092D45E /* BaseController.swift */,
				2B6B4A282C2EDC110092D45E /* Main.storyboard */,
				2BAABFEE2D2A8CB800172238 /* EditViewController.swift */,
				2B6B4A2B2C2EDC140092D45E /* Assets.xcassets */,
				2B6B4A2D2C2EDC140092D45E /* LaunchScreen.storyboard */,
				2BAABFF02D2A8FB200172238 /* train.jsonl */,
				2BAEFFA32D2D4A9E00201DB0 /* train copy380.jsonl */,
				2BAEFFA12D2D0A2500201DB0 /* train2.jsonl */,
				2B6B4A302C2EDC140092D45E /* Info.plist */,
			);
			path = penstroke;
			sourceTree = "<group>";
		};
		2B6B4A382C2EDC140092D45E /* penstrokeTests */ = {
			isa = PBXGroup;
			children = (
				2B6B4A392C2EDC140092D45E /* penstrokeTests.swift */,
			);
			path = penstrokeTests;
			sourceTree = "<group>";
		};
		2B6B4A422C2EDC140092D45E /* penstrokeUITests */ = {
			isa = PBXGroup;
			children = (
				2B6B4A432C2EDC140092D45E /* penstrokeUITests.swift */,
				2B6B4A452C2EDC140092D45E /* penstrokeUITestsLaunchTests.swift */,
			);
			path = penstrokeUITests;
			sourceTree = "<group>";
		};
/* End PBXGroup section */

/* Begin PBXNativeTarget section */
		2B6B4A1E2C2EDC110092D45E /* penstroke */ = {
			isa = PBXNativeTarget;
			buildConfigurationList = 2B6B4A492C2EDC140092D45E /* Build configuration list for PBXNativeTarget "penstroke" */;
			buildPhases = (
				2B6B4A1B2C2EDC110092D45E /* Sources */,
				2B6B4A1C2C2EDC110092D45E /* Frameworks */,
				2B6B4A1D2C2EDC110092D45E /* Resources */,
			);
			buildRules = (
			);
			dependencies = (
			);
			name = penstroke;
			productName = penstroke;
			productReference = 2B6B4A1F2C2EDC110092D45E /* penstroke.app */;
			productType = "com.apple.product-type.application";
		};
		2B6B4A342C2EDC140092D45E /* penstrokeTests */ = {
			isa = PBXNativeTarget;
			buildConfigurationList = 2B6B4A4C2C2EDC140092D45E /* Build configuration list for PBXNativeTarget "penstrokeTests" */;
			buildPhases = (
				2B6B4A312C2EDC140092D45E /* Sources */,
				2B6B4A322C2EDC140092D45E /* Frameworks */,
				2B6B4A332C2EDC140092D45E /* Resources */,
			);
			buildRules = (
			);
			dependencies = (
				2B6B4A372C2EDC140092D45E /* PBXTargetDependency */,
			);
			name = penstrokeTests;
			productName = penstrokeTests;
			productReference = 2B6B4A352C2EDC140092D45E /* penstrokeTests.xctest */;
			productType = "com.apple.product-type.bundle.unit-test";
		};
		2B6B4A3E2C2EDC140092D45E /* penstrokeUITests */ = {
			isa = PBXNativeTarget;
			buildConfigurationList = 2B6B4A4F2C2EDC140092D45E /* Build configuration list for PBXNativeTarget "penstrokeUITests" */;
			buildPhases = (
				2B6B4A3B2C2EDC140092D45E /* Sources */,
				2B6B4A3C2C2EDC140092D45E /* Frameworks */,
				2B6B4A3D2C2EDC140092D45E /* Resources */,
			);
			buildRules = (
			);
			dependencies = (
				2B6B4A412C2EDC140092D45E /* PBXTargetDependency */,
			);
			name = penstrokeUITests;
			productName = penstrokeUITests;
			productReference = 2B6B4A3F2C2EDC140092D45E /* penstrokeUITests.xctest */;
			productType = "com.apple.product-type.bundle.ui-testing";
		};
/* End PBXNativeTarget section */

/* Begin PBXProject section */
		2B6B4A172C2EDC110092D45E /* Project object */ = {
			isa = PBXProject;
			attributes = {
				BuildIndependentTargetsInParallel = 1;
				LastSwiftUpdateCheck = 1530;
				LastUpgradeCheck = 1530;
				TargetAttributes = {
					2B6B4A1E2C2EDC110092D45E = {
						CreatedOnToolsVersion = 15.3;
					};
					2B6B4A342C2EDC140092D45E = {
						CreatedOnToolsVersion = 15.3;
						TestTargetID = 2B6B4A1E2C2EDC110092D45E;
					};
					2B6B4A3E2C2EDC140092D45E = {
						CreatedOnToolsVersion = 15.3;
						TestTargetID = 2B6B4A1E2C2EDC110092D45E;
					};
				};
			};
			buildConfigurationList = 2B6B4A1A2C2EDC110092D45E /* Build configuration list for PBXProject "penstroke" */;
			compatibilityVersion = "Xcode 14.0";
			developmentRegion = en;
			hasScannedForEncodings = 0;
			knownRegions = (
				en,
				Base,
			);
			mainGroup = 2B6B4A162C2EDC110092D45E;
			productRefGroup = 2B6B4A202C2EDC110092D45E /* Products */;
			projectDirPath = "";
			projectRoot = "";
			targets = (
				2B6B4A1E2C2EDC110092D45E /* penstroke */,
				2B6B4A342C2EDC140092D45E /* penstrokeTests */,
				2B6B4A3E2C2EDC140092D45E /* penstrokeUITests */,
			);
		};
/* End PBXProject section */

/* Begin PBXResourcesBuildPhase section */
		2B6B4A1D2C2EDC110092D45E /* Resources */ = {
			isa = PBXResourcesBuildPhase;
			buildActionMask = 2147483647;
			files = (
				2B6B4A2C2C2EDC140092D45E /* Assets.xcassets in Resources */,
				2BAABFF12D2A8FB200172238 /* train.jsonl in Resources */,
				2B6B4A2F2C2EDC140092D45E /* Base in Resources */,
				2B6B4A2A2C2EDC110092D45E /* Base in Resources */,
				2BAEFFA22D2D0A2500201DB0 /* train2.jsonl in Resources */,
				2BAEFFA42D2D4A9E00201DB0 /* train copy380.jsonl in Resources */,
			);
			runOnlyForDeploymentPostprocessing = 0;
		};
		2B6B4A332C2EDC140092D45E /* Resources */ = {
			isa = PBXResourcesBuildPhase;
			buildActionMask = 2147483647;
			files = (
			);
			runOnlyForDeploymentPostprocessing = 0;
		};
		2B6B4A3D2C2EDC140092D45E /* Resources */ = {
			isa = PBXResourcesBuildPhase;
			buildActionMask = 2147483647;
			files = (
			);
			runOnlyForDeploymentPostprocessing = 0;
		};
/* End PBXResourcesBuildPhase section */

/* Begin PBXSourcesBuildPhase section */
		2B6B4A1B2C2EDC110092D45E /* Sources */ = {
			isa = PBXSourcesBuildPhase;
			buildActionMask = 2147483647;
			files = (
				2B6B4A272C2EDC110092D45E /* ViewController.swift in Sources */,
				2BD973AB2C317E68009AAD64 /* DataInjection.swift in Sources */,
				2B6B4A552C2EF88C0092D45E /* CustomCollectionViewCell.swift in Sources */,
				2B6B4A232C2EDC110092D45E /* AppDelegate.swift in Sources */,
				2B6B4A532C2EF34A0092D45E /* BaseController.swift in Sources */,
				2B6B4A252C2EDC110092D45E /* SceneDelegate.swift in Sources */,
				2BAABFEF2D2A8CB900172238 /* EditViewController.swift in Sources */,
			);
			runOnlyForDeploymentPostprocessing = 0;
		};
		2B6B4A312C2EDC140092D45E /* Sources */ = {
			isa = PBXSourcesBuildPhase;
			buildActionMask = 2147483647;
			files = (
				2B6B4A3A2C2EDC140092D45E /* penstrokeTests.swift in Sources */,
			);
			runOnlyForDeploymentPostprocessing = 0;
		};
		2B6B4A3B2C2EDC140092D45E /* Sources */ = {
			isa = PBXSourcesBuildPhase;
			buildActionMask = 2147483647;
			files = (
				2B6B4A462C2EDC140092D45E /* penstrokeUITestsLaunchTests.swift in Sources */,
				2B6B4A442C2EDC140092D45E /* penstrokeUITests.swift in Sources */,
			);
			runOnlyForDeploymentPostprocessing = 0;
		};
/* End PBXSourcesBuildPhase section */

/* Begin PBXTargetDependency section */
		2B6B4A372C2EDC140092D45E /* PBXTargetDependency */ = {
			isa = PBXTargetDependency;
			target = 2B6B4A1E2C2EDC110092D45E /* penstroke */;
			targetProxy = 2B6B4A362C2EDC140092D45E /* PBXContainerItemProxy */;
		};
		2B6B4A412C2EDC140092D45E /* PBXTargetDependency */ = {
			isa = PBXTargetDependency;
			target = 2B6B4A1E2C2EDC110092D45E /* penstroke */;
			targetProxy = 2B6B4A402C2EDC140092D45E /* PBXContainerItemProxy */;
		};
/* End PBXTargetDependency section */

/* Begin PBXVariantGroup section */
		2B6B4A282C2EDC110092D45E /* Main.storyboard */ = {
			isa = PBXVariantGroup;
			children = (
				2B6B4A292C2EDC110092D45E /* Base */,
			);
			name = Main.storyboard;
			sourceTree = "<group>";
		};
		2B6B4A2D2C2EDC140092D45E /* LaunchScreen.storyboard */ = {
			isa = PBXVariantGroup;
			children = (
				2B6B4A2E2C2EDC140092D45E /* Base */,
			);
			name = LaunchScreen.storyboard;
			sourceTree = "<group>";
		};
/* End PBXVariantGroup section */

/* Begin XCBuildConfiguration section */
		2B6B4A472C2EDC140092D45E /* Debug */ = {
			isa = XCBuildConfiguration;
			buildSettings = {
				ALWAYS_SEARCH_USER_PATHS = NO;
				ASSETCATALOG_COMPILER_GENERATE_SWIFT_ASSET_SYMBOL_EXTENSIONS = YES;
				CLANG_ANALYZER_NONNULL = YES;
				CLANG_ANALYZER_NUMBER_OBJECT_CONVERSION = YES_AGGRESSIVE;
				CLANG_CXX_LANGUAGE_STANDARD = "gnu++20";
				CLANG_ENABLE_MODULES = YES;
				CLANG_ENABLE_OBJC_ARC = YES;
				CLANG_ENABLE_OBJC_WEAK = YES;
				CLANG_WARN_BLOCK_CAPTURE_AUTORELEASING = YES;
				CLANG_WARN_BOOL_CONVERSION = YES;
				CLANG_WARN_COMMA = YES;
				CLANG_WARN_CONSTANT_CONVERSION = YES;
				CLANG_WARN_DEPRECATED_OBJC_IMPLEMENTATIONS = YES;
				CLANG_WARN_DIRECT_OBJC_ISA_USAGE = YES_ERROR;
				CLANG_WARN_DOCUMENTATION_COMMENTS = YES;
				CLANG_WARN_EMPTY_BODY = YES;
				CLANG_WARN_ENUM_CONVERSION = YES;
				CLANG_WARN_INFINITE_RECURSION = YES;
				CLANG_WARN_INT_CONVERSION = YES;
				CLANG_WARN_NON_LITERAL_NULL_CONVERSION = YES;
				CLANG_WARN_OBJC_IMPLICIT_RETAIN_SELF = YES;
				CLANG_WARN_OBJC_LITERAL_CONVERSION = YES;
				CLANG_WARN_OBJC_ROOT_CLASS = YES_ERROR;
				CLANG_WARN_QUOTED_INCLUDE_IN_FRAMEWORK_HEADER = YES;
				CLANG_WARN_RANGE_LOOP_ANALYSIS = YES;
				CLANG_WARN_STRICT_PROTOTYPES = YES;
				CLANG_WARN_SUSPICIOUS_MOVE = YES;
				CLANG_WARN_UNGUARDED_AVAILABILITY = YES_AGGRESSIVE;
				CLANG_WARN_UNREACHABLE_CODE = YES;
				CLANG_WARN__DUPLICATE_METHOD_MATCH = YES;
				COPY_PHASE_STRIP = NO;
				DEBUG_INFORMATION_FORMAT = dwarf;
				ENABLE_STRICT_OBJC_MSGSEND = YES;
				ENABLE_TESTABILITY = YES;
				ENABLE_USER_SCRIPT_SANDBOXING = YES;
				GCC_C_LANGUAGE_STANDARD = gnu17;
				GCC_DYNAMIC_NO_PIC = NO;
				GCC_NO_COMMON_BLOCKS = YES;
				GCC_OPTIMIZATION_LEVEL = 0;
				GCC_PREPROCESSOR_DEFINITIONS = (
					"DEBUG=1",
					"$(inherited)",
				);
				GCC_WARN_64_TO_32_BIT_CONVERSION = YES;
				GCC_WARN_ABOUT_RETURN_TYPE = YES_ERROR;
				GCC_WARN_UNDECLARED_SELECTOR = YES;
				GCC_WARN_UNINITIALIZED_AUTOS = YES_AGGRESSIVE;
				GCC_WARN_UNUSED_FUNCTION = YES;
				GCC_WARN_UNUSED_VARIABLE = YES;
				IPHONEOS_DEPLOYMENT_TARGET = 16.0;
				LOCALIZATION_PREFERS_STRING_CATALOGS = YES;
				MTL_ENABLE_DEBUG_INFO = INCLUDE_SOURCE;
				MTL_FAST_MATH = YES;
				ONLY_ACTIVE_ARCH = YES;
				SDKROOT = iphoneos;
				SWIFT_ACTIVE_COMPILATION_CONDITIONS = "DEBUG $(inherited)";
				SWIFT_OPTIMIZATION_LEVEL = "-Onone";
			};
			name = Debug;
		};
		2B6B4A482C2EDC140092D45E /* Release */ = {
			isa = XCBuildConfiguration;
			buildSettings = {
				ALWAYS_SEARCH_USER_PATHS = NO;
				ASSETCATALOG_COMPILER_GENERATE_SWIFT_ASSET_SYMBOL_EXTENSIONS = YES;
				CLANG_ANALYZER_NONNULL = YES;
				CLANG_ANALYZER_NUMBER_OBJECT_CONVERSION = YES_AGGRESSIVE;
				CLANG_CXX_LANGUAGE_STANDARD = "gnu++20";
				CLANG_ENABLE_MODULES = YES;
				CLANG_ENABLE_OBJC_ARC = YES;
				CLANG_ENABLE_OBJC_WEAK = YES;
				CLANG_WARN_BLOCK_CAPTURE_AUTORELEASING = YES;
				CLANG_WARN_BOOL_CONVERSION = YES;
				CLANG_WARN_COMMA = YES;
				CLANG_WARN_CONSTANT_CONVERSION = YES;
				CLANG_WARN_DEPRECATED_OBJC_IMPLEMENTATIONS = YES;
				CLANG_WARN_DIRECT_OBJC_ISA_USAGE = YES_ERROR;
				CLANG_WARN_DOCUMENTATION_COMMENTS = YES;
				CLANG_WARN_EMPTY_BODY = YES;
				CLANG_WARN_ENUM_CONVERSION = YES;
				CLANG_WARN_INFINITE_RECURSION = YES;
				CLANG_WARN_INT_CONVERSION = YES;
				CLANG_WARN_NON_LITERAL_NULL_CONVERSION = YES;
				CLANG_WARN_OBJC_IMPLICIT_RETAIN_SELF = YES;
				CLANG_WARN_OBJC_LITERAL_CONVERSION = YES;
				CLANG_WARN_OBJC_ROOT_CLASS = YES_ERROR;
				CLANG_WARN_QUOTED_INCLUDE_IN_FRAMEWORK_HEADER = YES;
				CLANG_WARN_RANGE_LOOP_ANALYSIS = YES;
				CLANG_WARN_STRICT_PROTOTYPES = YES;
				CLANG_WARN_SUSPICIOUS_MOVE = YES;
				CLANG_WARN_UNGUARDED_AVAILABILITY = YES_AGGRESSIVE;
				CLANG_WARN_UNREACHABLE_CODE = YES;
				CLANG_WARN__DUPLICATE_METHOD_MATCH = YES;
				COPY_PHASE_STRIP = NO;
				DEBUG_INFORMATION_FORMAT = "dwarf-with-dsym";
				ENABLE_NS_ASSERTIONS = NO;
				ENABLE_STRICT_OBJC_MSGSEND = YES;
				ENABLE_USER_SCRIPT_SANDBOXING = YES;
				GCC_C_LANGUAGE_STANDARD = gnu17;
				GCC_NO_COMMON_BLOCKS = YES;
				GCC_WARN_64_TO_32_BIT_CONVERSION = YES;
				GCC_WARN_ABOUT_RETURN_TYPE = YES_ERROR;
				GCC_WARN_UNDECLARED_SELECTOR = YES;
				GCC_WARN_UNINITIALIZED_AUTOS = YES_AGGRESSIVE;
				GCC_WARN_UNUSED_FUNCTION = YES;
				GCC_WARN_UNUSED_VARIABLE = YES;
				IPHONEOS_DEPLOYMENT_TARGET = 16.0;
				LOCALIZATION_PREFERS_STRING_CATALOGS = YES;
				MTL_ENABLE_DEBUG_INFO = NO;
				MTL_FAST_MATH = YES;
				SDKROOT = iphoneos;
				SWIFT_COMPILATION_MODE = wholemodule;
				VALIDATE_PRODUCT = YES;
			};
			name = Release;
		};
		2B6B4A4A2C2EDC140092D45E /* Debug */ = {
			isa = XCBuildConfiguration;
			buildSettings = {
				ASSETCATALOG_COMPILER_APPICON_NAME = AppIcon;
				ASSETCATALOG_COMPILER_GLOBAL_ACCENT_COLOR_NAME = AccentColor;
				CODE_SIGN_STYLE = Automatic;
				CURRENT_PROJECT_VERSION = 1.0.6;
				DEVELOPMENT_TEAM = 637JS3JU7M;
				GENERATE_INFOPLIST_FILE = YES;
				INFOPLIST_FILE = penstroke/Info.plist;
				INFOPLIST_KEY_CFBundleDisplayName = "Pen Stroke Data";
				INFOPLIST_KEY_LSApplicationCategoryType = "public.app-category.developer-tools";
				INFOPLIST_KEY_UIApplicationSupportsIndirectInputEvents = YES;
				INFOPLIST_KEY_UILaunchStoryboardName = LaunchScreen;
				INFOPLIST_KEY_UIMainStoryboardFile = Main;
				INFOPLIST_KEY_UIRequiresFullScreen = YES;
				INFOPLIST_KEY_UISupportedInterfaceOrientations = "UIInterfaceOrientationLandscapeLeft UIInterfaceOrientationLandscapeRight UIInterfaceOrientationPortrait UIInterfaceOrientationPortraitUpsideDown";
				IPHONEOS_DEPLOYMENT_TARGET = 15.0;
				LD_RUNPATH_SEARCH_PATHS = (
					"$(inherited)",
					"@executable_path/Frameworks",
				);
				MARKETING_VERSION = 1.0.6;
				PRODUCT_BUNDLE_IDENTIFIER = com.yumiya.penstroke;
				PRODUCT_NAME = "$(TARGET_NAME)";
				SUPPORTED_PLATFORMS = "iphoneos iphonesimulator";
				SUPPORTS_MACCATALYST = NO;
				SUPPORTS_XR_DESIGNED_FOR_IPHONE_IPAD = NO;
				SWIFT_EMIT_LOC_STRINGS = YES;
				SWIFT_VERSION = 5.0;
				TARGETED_DEVICE_FAMILY = 2;
			};
			name = Debug;
		};
		2B6B4A4B2C2EDC140092D45E /* Release */ = {
			isa = XCBuildConfiguration;
			buildSettings = {
				ASSETCATALOG_COMPILER_APPICON_NAME = AppIcon;
				ASSETCATALOG_COMPILER_GLOBAL_ACCENT_COLOR_NAME = AccentColor;
				CODE_SIGN_STYLE = Automatic;
				CURRENT_PROJECT_VERSION = 1.0.6;
				DEVELOPMENT_TEAM = 637JS3JU7M;
				GENERATE_INFOPLIST_FILE = YES;
				INFOPLIST_FILE = penstroke/Info.plist;
				INFOPLIST_KEY_CFBundleDisplayName = "Pen Stroke Data";
				INFOPLIST_KEY_LSApplicationCategoryType = "public.app-category.developer-tools";
				INFOPLIST_KEY_UIApplicationSupportsIndirectInputEvents = YES;
				INFOPLIST_KEY_UILaunchStoryboardName = LaunchScreen;
				INFOPLIST_KEY_UIMainStoryboardFile = Main;
				INFOPLIST_KEY_UIRequiresFullScreen = YES;
				INFOPLIST_KEY_UISupportedInterfaceOrientations = "UIInterfaceOrientationLandscapeLeft UIInterfaceOrientationLandscapeRight UIInterfaceOrientationPortrait UIInterfaceOrientationPortraitUpsideDown";
				IPHONEOS_DEPLOYMENT_TARGET = 15.0;
				LD_RUNPATH_SEARCH_PATHS = (
					"$(inherited)",
					"@executable_path/Frameworks",
				);
				MARKETING_VERSION = 1.0.6;
				PRODUCT_BUNDLE_IDENTIFIER = com.yumiya.penstroke;
				PRODUCT_NAME = "$(TARGET_NAME)";
				SUPPORTED_PLATFORMS = "iphoneos iphonesimulator";
				SUPPORTS_MACCATALYST = NO;
				SUPPORTS_XR_DESIGNED_FOR_IPHONE_IPAD = NO;
				SWIFT_EMIT_LOC_STRINGS = YES;
				SWIFT_VERSION = 5.0;
				TARGETED_DEVICE_FAMILY = 2;
			};
			name = Release;
		};
		2B6B4A4D2C2EDC140092D45E /* Debug */ = {
			isa = XCBuildConfiguration;
			buildSettings = {
				ALWAYS_EMBED_SWIFT_STANDARD_LIBRARIES = YES;
				BUNDLE_LOADER = "$(TEST_HOST)";
				CODE_SIGN_STYLE = Automatic;
				CURRENT_PROJECT_VERSION = 1;
				DEVELOPMENT_TEAM = 637JS3JU7M;
				GENERATE_INFOPLIST_FILE = YES;
				IPHONEOS_DEPLOYMENT_TARGET = 17.4;
				MARKETING_VERSION = 1.0;
				PRODUCT_BUNDLE_IDENTIFIER = com.yumiya.penstrokeTests;
				PRODUCT_NAME = "$(TARGET_NAME)";
				SWIFT_EMIT_LOC_STRINGS = NO;
				SWIFT_VERSION = 5.0;
				TARGETED_DEVICE_FAMILY = "1,2";
				TEST_HOST = "$(BUILT_PRODUCTS_DIR)/penstroke.app/$(BUNDLE_EXECUTABLE_FOLDER_PATH)/penstroke";
			};
			name = Debug;
		};
		2B6B4A4E2C2EDC140092D45E /* Release */ = {
			isa = XCBuildConfiguration;
			buildSettings = {
				ALWAYS_EMBED_SWIFT_STANDARD_LIBRARIES = YES;
				BUNDLE_LOADER = "$(TEST_HOST)";
				CODE_SIGN_STYLE = Automatic;
				CURRENT_PROJECT_VERSION = 1;
				DEVELOPMENT_TEAM = 637JS3JU7M;
				GENERATE_INFOPLIST_FILE = YES;
				IPHONEOS_DEPLOYMENT_TARGET = 17.4;
				MARKETING_VERSION = 1.0;
				PRODUCT_BUNDLE_IDENTIFIER = com.yumiya.penstrokeTests;
				PRODUCT_NAME = "$(TARGET_NAME)";
				SWIFT_EMIT_LOC_STRINGS = NO;
				SWIFT_VERSION = 5.0;
				TARGETED_DEVICE_FAMILY = "1,2";
				TEST_HOST = "$(BUILT_PRODUCTS_DIR)/penstroke.app/$(BUNDLE_EXECUTABLE_FOLDER_PATH)/penstroke";
			};
			name = Release;
		};
		2B6B4A502C2EDC140092D45E /* Debug */ = {
			isa = XCBuildConfiguration;
			buildSettings = {
				ALWAYS_EMBED_SWIFT_STANDARD_LIBRARIES = YES;
				CODE_SIGN_STYLE = Automatic;
				CURRENT_PROJECT_VERSION = 1;
				DEVELOPMENT_TEAM = 637JS3JU7M;
				GENERATE_INFOPLIST_FILE = YES;
				MARKETING_VERSION = 1.0;
				PRODUCT_BUNDLE_IDENTIFIER = com.yumiya.penstrokeUITests;
				PRODUCT_NAME = "$(TARGET_NAME)";
				SWIFT_EMIT_LOC_STRINGS = NO;
				SWIFT_VERSION = 5.0;
				TARGETED_DEVICE_FAMILY = "1,2";
				TEST_TARGET_NAME = penstroke;
			};
			name = Debug;
		};
		2B6B4A512C2EDC140092D45E /* Release */ = {
			isa = XCBuildConfiguration;
			buildSettings = {
				ALWAYS_EMBED_SWIFT_STANDARD_LIBRARIES = YES;
				CODE_SIGN_STYLE = Automatic;
				CURRENT_PROJECT_VERSION = 1;
				DEVELOPMENT_TEAM = 637JS3JU7M;
				GENERATE_INFOPLIST_FILE = YES;
				MARKETING_VERSION = 1.0;
				PRODUCT_BUNDLE_IDENTIFIER = com.yumiya.penstrokeUITests;
				PRODUCT_NAME = "$(TARGET_NAME)";
				SWIFT_EMIT_LOC_STRINGS = NO;
				SWIFT_VERSION = 5.0;
				TARGETED_DEVICE_FAMILY = "1,2";
				TEST_TARGET_NAME = penstroke;
			};
			name = Release;
		};
/* End XCBuildConfiguration section */

/* Begin XCConfigurationList section */
		2B6B4A1A2C2EDC110092D45E /* Build configuration list for PBXProject "penstroke" */ = {
			isa = XCConfigurationList;
			buildConfigurations = (
				2B6B4A472C2EDC140092D45E /* Debug */,
				2B6B4A482C2EDC140092D45E /* Release */,
			);
			defaultConfigurationIsVisible = 0;
			defaultConfigurationName = Release;
		};
		2B6B4A492C2EDC140092D45E /* Build configuration list for PBXNativeTarget "penstroke" */ = {
			isa = XCConfigurationList;
			buildConfigurations = (
				2B6B4A4A2C2EDC140092D45E /* Debug */,
				2B6B4A4B2C2EDC140092D45E /* Release */,
			);
			defaultConfigurationIsVisible = 0;
			defaultConfigurationName = Release;
		};
		2B6B4A4C2C2EDC140092D45E /* Build configuration list for PBXNativeTarget "penstrokeTests" */ = {
			isa = XCConfigurationList;
			buildConfigurations = (
				2B6B4A4D2C2EDC140092D45E /* Debug */,
				2B6B4A4E2C2EDC140092D45E /* Release */,
			);
			defaultConfigurationIsVisible = 0;
			defaultConfigurationName = Release;
		};
		2B6B4A4F2C2EDC140092D45E /* Build configuration list for PBXNativeTarget "penstrokeUITests" */ = {
			isa = XCConfigurationList;
			buildConfigurations = (
				2B6B4A502C2EDC140092D45E /* Debug */,
				2B6B4A512C2EDC140092D45E /* Release */,
			);
			defaultConfigurationIsVisible = 0;
			defaultConfigurationName = Release;
		};
/* End XCConfigurationList section */
	};
	rootObject = 2B6B4A172C2EDC110092D45E /* Project object */;
}
